// !$*UTF8*$!
{
	archiveVersion = 1;
	classes = {
	};
	objectVersion = 56;
	objects = {

/* Begin PBXBuildFile section */
		9ADACB062A29E42D00B2002E /* AudioVisualizerView.swift in Sources */ = {isa = PBXBuildFile; fileRef = 9ADACB052A29E42D00B2002E /* AudioVisualizerView.swift */; };
		9ADACB082A29E44B00B2002E /* Color+Ext.swift in Sources */ = {isa = PBXBuildFile; fileRef = 9ADACB072A29E44B00B2002E /* Color+Ext.swift */; };
		9ADACB0A2A29E4D000B2002E /* AudioManager.swift in Sources */ = {isa = PBXBuildFile; fileRef = 9ADACB092A29E4D000B2002E /* AudioManager.swift */; };
		9ADACB0C2A29E54700B2002E /* AVAudioPCMBuffer+Exts.swift in Sources */ = {isa = PBXBuildFile; fileRef = 9ADACB0B2A29E54700B2002E /* AVAudioPCMBuffer+Exts.swift */; };
		9AE72E772A29BDB1004DFFEA /* _6361619App.swift in Sources */ = {isa = PBXBuildFile; fileRef = 9AE72E762A29BDB1004DFFEA /* _6361619App.swift */; };
		9AE72E792A29BDB1004DFFEA /* ContentView.swift in Sources */ = {isa = PBXBuildFile; fileRef = 9AE72E782A29BDB1004DFFEA /* ContentView.swift */; };
		9AE72E7B2A29BDB2004DFFEA /* Assets.xcassets in Resources */ = {isa = PBXBuildFile; fileRef = 9AE72E7A2A29BDB2004DFFEA /* Assets.xcassets */; };
		9AE72E7E2A29BDB2004DFFEA /* Preview Assets.xcassets in Resources */ = {isa = PBXBuildFile; fileRef = 9AE72E7D2A29BDB2004DFFEA /* Preview Assets.xcassets */; };
/* End PBXBuildFile section */

/* Begin PBXFileReference section */
		9ADACB052A29E42D00B2002E /* AudioVisualizerView.swift */ = {isa = PBXFileReference; fileEncoding = 4; lastKnownFileType = sourcecode.swift; path = AudioVisualizerView.swift; sourceTree = "<group>"; };
		9ADACB072A29E44B00B2002E /* Color+Ext.swift */ = {isa = PBXFileReference; fileEncoding = 4; lastKnownFileType = sourcecode.swift; path = "Color+Ext.swift"; sourceTree = "<group>"; };
		9ADACB092A29E4D000B2002E /* AudioManager.swift */ = {isa = PBXFileReference; lastKnownFileType = sourcecode.swift; path = AudioManager.swift; sourceTree = "<group>"; };
		9ADACB0B2A29E54700B2002E /* AVAudioPCMBuffer+Exts.swift */ = {isa = PBXFileReference; fileEncoding = 4; lastKnownFileType = sourcecode.swift; path = "AVAudioPCMBuffer+Exts.swift"; sourceTree = "<group>"; };
		9AE72E732A29BDB1004DFFEA /* 76361619.app */ = {isa = PBXFileReference; explicitFileType = wrapper.application; includeInIndex = 0; path = 76361619.app; sourceTree = BUILT_PRODUCTS_DIR; };
		9AE72E762A29BDB1004DFFEA /* _6361619App.swift */ = {isa = PBXFileReference; lastKnownFileType = sourcecode.swift; path = _6361619App.swift; sourceTree = "<group>"; };
		9AE72E782A29BDB1004DFFEA /* ContentView.swift */ = {isa = PBXFileReference; lastKnownFileType = sourcecode.swift; path = ContentView.swift; sourceTree = "<group>"; };
		9AE72E7A2A29BDB2004DFFEA /* Assets.xcassets */ = {isa = PBXFileReference; lastKnownFileType = folder.assetcatalog; path = Assets.xcassets; sourceTree = "<group>"; };
		9AE72E7D2A29BDB2004DFFEA /* Preview Assets.xcassets */ = {isa = PBXFileReference; lastKnownFileType = folder.assetcatalog; path = "Preview Assets.xcassets"; sourceTree = "<group>"; };
/* End PBXFileReference section */

/* Begin PBXFrameworksBuildPhase section */
		9AE72E702A29BDB1004DFFEA /* Frameworks */ = {
			isa = PBXFrameworksBuildPhase;
			buildActionMask = 2147483647;
			files = (
			);
			runOnlyForDeploymentPostprocessing = 0;
		};
/* End PBXFrameworksBuildPhase section */

/* Begin PBXGroup section */
		9AE72E6A2A29BDB1004DFFEA = {
			isa = PBXGroup;
			children = (
				9AE72E752A29BDB1004DFFEA /* 76361619 */,
				9AE72E742A29BDB1004DFFEA /* Products */,
			);
			sourceTree = "<group>";
		};
		9AE72E742A29BDB1004DFFEA /* Products */ = {
			isa = PBXGroup;
			children = (
				9AE72E732A29BDB1004DFFEA /* 76361619.app */,
			);
			name = Products;
			sourceTree = "<group>";
		};
		9AE72E752A29BDB1004DFFEA /* 76361619 */ = {
			isa = PBXGroup;
			children = (
				9AE72E762A29BDB1004DFFEA /* _6361619App.swift */,
				9AE72E782A29BDB1004DFFEA /* ContentView.swift */,
				9AE72E7A2A29BDB2004DFFEA /* Assets.xcassets */,
				9AE72E7C2A29BDB2004DFFEA /* Preview Content */,
				9ADACB052A29E42D00B2002E /* AudioVisualizerView.swift */,
				9ADACB072A29E44B00B2002E /* Color+Ext.swift */,
				9ADACB0B2A29E54700B2002E /* AVAudioPCMBuffer+Exts.swift */,
				9ADACB092A29E4D000B2002E /* AudioManager.swift */,
			);
			path = 76361619;
			sourceTree = "<group>";
		};
		9AE72E7C2A29BDB2004DFFEA /* Preview Content */ = {
			isa = PBXGroup;
			children = (
				9AE72E7D2A29BDB2004DFFEA /* Preview Assets.xcassets */,
			);
			path = "Preview Content";
			sourceTree = "<group>";
		};
/* End PBXGroup section */

/* Begin PBXNativeTarget section */
		9AE72E722A29BDB1004DFFEA /* 76361619 */ = {
			isa = PBXNativeTarget;
			buildConfigurationList = 9AE72E812A29BDB2004DFFEA /* Build configuration list for PBXNativeTarget "76361619" */;
			buildPhases = (
				9AE72E6F2A29BDB1004DFFEA /* Sources */,
				9AE72E702A29BDB1004DFFEA /* Frameworks */,
				9AE72E712A29BDB1004DFFEA /* Resources */,
			);
			buildRules = (
			);
			dependencies = (
			);
			name = 76361619;
			productName = 76361619;
			productReference = 9AE72E732A29BDB1004DFFEA /* 76361619.app */;
			productType = "com.apple.product-type.application";
		};
/* End PBXNativeTarget section */

/* Begin PBXProject section */
		9AE72E6B2A29BDB1004DFFEA /* Project object */ = {
			isa = PBXProject;
			attributes = {
				BuildIndependentTargetsInParallel = 1;
				LastSwiftUpdateCheck = 1430;
				LastUpgradeCheck = 1430;
				TargetAttributes = {
					9AE72E722A29BDB1004DFFEA = {
						CreatedOnToolsVersion = 14.3;
					};
				};
			};
			buildConfigurationList = 9AE72E6E2A29BDB1004DFFEA /* Build configuration list for PBXProject "76361619" */;
			compatibilityVersion = "Xcode 14.0";
			developmentRegion = en;
			hasScannedForEncodings = 0;
			knownRegions = (
				en,
				Base,
			);
			mainGroup = 9AE72E6A2A29BDB1004DFFEA;
			productRefGroup = 9AE72E742A29BDB1004DFFEA /* Products */;
			projectDirPath = "";
			projectRoot = "";
			targets = (
				9AE72E722A29BDB1004DFFEA /* 76361619 */,
			);
		};
/* End PBXProject section */

/* Begin PBXResourcesBuildPhase section */
		9AE72E712A29BDB1004DFFEA /* Resources */ = {
			isa = PBXResourcesBuildPhase;
			buildActionMask = 2147483647;
			files = (
				9AE72E7E2A29BDB2004DFFEA /* Preview Assets.xcassets in Resources */,
				9AE72E7B2A29BDB2004DFFEA /* Assets.xcassets in Resources */,
			);
			runOnlyForDeploymentPostprocessing = 0;
		};
/* End PBXResourcesBuildPhase section */

/* Begin PBXSourcesBuildPhase section */
		9AE72E6F2A29BDB1004DFFEA /* Sources */ = {
			isa = PBXSourcesBuildPhase;
			buildActionMask = 2147483647;
			files = (
				9AE72E792A29BDB1004DFFEA /* ContentView.swift in Sources */,
				9ADACB0A2A29E4D000B2002E /* AudioManager.swift in Sources */,
				9AE72E772A29BDB1004DFFEA /* _6361619App.swift in Sources */,
				9ADACB062A29E42D00B2002E /* AudioVisualizerView.swift in Sources */,
				9ADACB0C2A29E54700B2002E /* AVAudioPCMBuffer+Exts.swift in Sources */,
				9ADACB082A29E44B00B2002E /* Color+Ext.swift in Sources */,
			);
			runOnlyForDeploymentPostprocessing = 0;
		};
/* End PBXSourcesBuildPhase section */

/* Begin XCBuildConfiguration section */
		9AE72E7F2A29BDB2004DFFEA /* Debug */ = {
			isa = XCBuildConfiguration;
			buildSettings = {
				ALWAYS_SEARCH_USER_PATHS = NO;
				CLANG_ANALYZER_NONNULL = YES;
				CLANG_ANALYZER_NUMBER_OBJECT_CONVERSION = YES_AGGRESSIVE;
				CLANG_CXX_LANGUAGE_STANDARD = "gnu++20";
				CLANG_ENABLE_MODULES = YES;
				CLANG_ENABLE_OBJC_ARC = YES;
				CLANG_ENABLE_OBJC_WEAK = YES;
				CLANG_WARN_BLOCK_CAPTURE_AUTORELEASING = YES;
				CLANG_WARN_BOOL_CONVERSION = YES;
				CLANG_WARN_COMMA = YES;
				CLANG_WARN_CONSTANT_CONVERSION = YES;
				CLANG_WARN_DEPRECATED_OBJC_IMPLEMENTATIONS = YES;
				CLANG_WARN_DIRECT_OBJC_ISA_USAGE = YES_ERROR;
				CLANG_WARN_DOCUMENTATION_COMMENTS = YES;
				CLANG_WARN_EMPTY_BODY = YES;
				CLANG_WARN_ENUM_CONVERSION = YES;
				CLANG_WARN_INFINITE_RECURSION = YES;
				CLANG_WARN_INT_CONVERSION = YES;
				CLANG_WARN_NON_LITERAL_NULL_CONVERSION = YES;
				CLANG_WARN_OBJC_IMPLICIT_RETAIN_SELF = YES;
				CLANG_WARN_OBJC_LITERAL_CONVERSION = YES;
				CLANG_WARN_OBJC_ROOT_CLASS = YES_ERROR;
				CLANG_WARN_QUOTED_INCLUDE_IN_FRAMEWORK_HEADER = YES;
				CLANG_WARN_RANGE_LOOP_ANALYSIS = YES;
				CLANG_WARN_STRICT_PROTOTYPES = YES;
				CLANG_WARN_SUSPICIOUS_MOVE = YES;
				CLANG_WARN_UNGUARDED_AVAILABILITY = YES_AGGRESSIVE;
				CLANG_WARN_UNREACHABLE_CODE = YES;
				CLANG_WARN__DUPLICATE_METHOD_MATCH = YES;
				COPY_PHASE_STRIP = NO;
				DEBUG_INFORMATION_FORMAT = dwarf;
				ENABLE_STRICT_OBJC_MSGSEND = YES;
				ENABLE_TESTABILITY = YES;
				GCC_C_LANGUAGE_STANDARD = gnu11;
				GCC_DYNAMIC_NO_PIC = NO;
				GCC_NO_COMMON_BLOCKS = YES;
				GCC_OPTIMIZATION_LEVEL = 0;
				GCC_PREPROCESSOR_DEFINITIONS = (
					"DEBUG=1",
					"$(inherited)",
				);
				GCC_WARN_64_TO_32_BIT_CONVERSION = YES;
				GCC_WARN_ABOUT_RETURN_TYPE = YES_ERROR;
				GCC_WARN_UNDECLARED_SELECTOR = YES;
				GCC_WARN_UNINITIALIZED_AUTOS = YES_AGGRESSIVE;
				GCC_WARN_UNUSED_FUNCTION = YES;
				GCC_WARN_UNUSED_VARIABLE = YES;
				IPHONEOS_DEPLOYMENT_TARGET = 16.4;
				MTL_ENABLE_DEBUG_INFO = INCLUDE_SOURCE;
				MTL_FAST_MATH = YES;
				ONLY_ACTIVE_ARCH = YES;
				SDKROOT = iphoneos;
				SWIFT_ACTIVE_COMPILATION_CONDITIONS = DEBUG;
				SWIFT_OPTIMIZATION_LEVEL = "-Onone";
			};
			name = Debug;
		};
		9AE72E802A29BDB2004DFFEA /* Release */ = {
			isa = XCBuildConfiguration;
			buildSettings = {
				ALWAYS_SEARCH_USER_PATHS = NO;
				CLANG_ANALYZER_NONNULL = YES;
				CLANG_ANALYZER_NUMBER_OBJECT_CONVERSION = YES_AGGRESSIVE;
				CLANG_CXX_LANGUAGE_STANDARD = "gnu++20";
				CLANG_ENABLE_MODULES = YES;
				CLANG_ENABLE_OBJC_ARC = YES;
				CLANG_ENABLE_OBJC_WEAK = YES;
				CLANG_WARN_BLOCK_CAPTURE_AUTORELEASING = YES;
				CLANG_WARN_BOOL_CONVERSION = YES;
				CLANG_WARN_COMMA = YES;
				CLANG_WARN_CONSTANT_CONVERSION = YES;
				CLANG_WARN_DEPRECATED_OBJC_IMPLEMENTATIONS = YES;
				CLANG_WARN_DIRECT_OBJC_ISA_USAGE = YES_ERROR;
				CLANG_WARN_DOCUMENTATION_COMMENTS = YES;
				CLANG_WARN_EMPTY_BODY = YES;
				CLANG_WARN_ENUM_CONVERSION = YES;
				CLANG_WARN_INFINITE_RECURSION = YES;
				CLANG_WARN_INT_CONVERSION = YES;
				CLANG_WARN_NON_LITERAL_NULL_CONVERSION = YES;
				CLANG_WARN_OBJC_IMPLICIT_RETAIN_SELF = YES;
				CLANG_WARN_OBJC_LITERAL_CONVERSION = YES;
				CLANG_WARN_OBJC_ROOT_CLASS = YES_ERROR;
				CLANG_WARN_QUOTED_INCLUDE_IN_FRAMEWORK_HEADER = YES;
				CLANG_WARN_RANGE_LOOP_ANALYSIS = YES;
				CLANG_WARN_STRICT_PROTOTYPES = YES;
				CLANG_WARN_SUSPICIOUS_MOVE = YES;
				CLANG_WARN_UNGUARDED_AVAILABILITY = YES_AGGRESSIVE;
				CLANG_WARN_UNREACHABLE_CODE = YES;
				CLANG_WARN__DUPLICATE_METHOD_MATCH = YES;
				COPY_PHASE_STRIP = NO;
				DEBUG_INFORMATION_FORMAT = "dwarf-with-dsym";
				ENABLE_NS_ASSERTIONS = NO;
				ENABLE_STRICT_OBJC_MSGSEND = YES;
				GCC_C_LANGUAGE_STANDARD = gnu11;
				GCC_NO_COMMON_BLOCKS = YES;
				GCC_WARN_64_TO_32_BIT_CONVERSION = YES;
				GCC_WARN_ABOUT_RETURN_TYPE = YES_ERROR;
				GCC_WARN_UNDECLARED_SELECTOR = YES;
				GCC_WARN_UNINITIALIZED_AUTOS = YES_AGGRESSIVE;
				GCC_WARN_UNUSED_FUNCTION = YES;
				GCC_WARN_UNUSED_VARIABLE = YES;
				IPHONEOS_DEPLOYMENT_TARGET = 16.4;
				MTL_ENABLE_DEBUG_INFO = NO;
				MTL_FAST_MATH = YES;
				SDKROOT = iphoneos;
				SWIFT_COMPILATION_MODE = wholemodule;
				SWIFT_OPTIMIZATION_LEVEL = "-O";
				VALIDATE_PRODUCT = YES;
			};
			name = Release;
		};
		9AE72E822A29BDB2004DFFEA /* Debug */ = {
			isa = XCBuildConfiguration;
			buildSettings = {
				ASSETCATALOG_COMPILER_APPICON_NAME = AppIcon;
				ASSETCATALOG_COMPILER_GLOBAL_ACCENT_COLOR_NAME = AccentColor;
				CODE_SIGN_STYLE = Automatic;
				CURRENT_PROJECT_VERSION = 1;
				DEVELOPMENT_ASSET_PATHS = "\"76361619/Preview Content\"";
				DEVELOPMENT_TEAM = T2DT6C6U3X;
				ENABLE_PREVIEWS = YES;
				GENERATE_INFOPLIST_FILE = YES;
				INFOPLIST_KEY_NSMicrophoneUsageDescription = "Allow to record";
				INFOPLIST_KEY_UIApplicationSceneManifest_Generation = YES;
				INFOPLIST_KEY_UIApplicationSupportsIndirectInputEvents = YES;
				INFOPLIST_KEY_UILaunchScreen_Generation = YES;
				INFOPLIST_KEY_UISupportedInterfaceOrientations_iPad = "UIInterfaceOrientationPortrait UIInterfaceOrientationPortraitUpsideDown UIInterfaceOrientationLandscapeLeft UIInterfaceOrientationLandscapeRight";
				INFOPLIST_KEY_UISupportedInterfaceOrientations_iPhone = "UIInterfaceOrientationPortrait UIInterfaceOrientationLandscapeLeft UIInterfaceOrientationLandscapeRight";
				LD_RUNPATH_SEARCH_PATHS = (
					"$(inherited)",
					"@executable_path/Frameworks",
				);
				MARKETING_VERSION = 1.0;
				PRODUCT_BUNDLE_IDENTIFIER = "com.cleverlearn.-6361619";
				PRODUCT_NAME = "$(TARGET_NAME)";
				SWIFT_EMIT_LOC_STRINGS = YES;
				SWIFT_VERSION = 5.0;
				TARGETED_DEVICE_FAMILY = "1,2";
			};
			name = Debug;
		};
		9AE72E832A29BDB2004DFFEA /* Release */ = {
			isa = XCBuildConfiguration;
			buildSettings = {
				ASSETCATALOG_COMPILER_APPICON_NAME = AppIcon;
				ASSETCATALOG_COMPILER_GLOBAL_ACCENT_COLOR_NAME = AccentColor;
				CODE_SIGN_STYLE = Automatic;
				CURRENT_PROJECT_VERSION = 1;
				DEVELOPMENT_ASSET_PATHS = "\"76361619/Preview Content\"";
				DEVELOPMENT_TEAM = T2DT6C6U3X;
				ENABLE_PREVIEWS = YES;
				GENERATE_INFOPLIST_FILE = YES;
				INFOPLIST_KEY_NSMicrophoneUsageDescription = "Allow to record";
				INFOPLIST_KEY_UIApplicationSceneManifest_Generation = YES;
				INFOPLIST_KEY_UIApplicationSupportsIndirectInputEvents = YES;
				INFOPLIST_KEY_UILaunchScreen_Generation = YES;
				INFOPLIST_KEY_UISupportedInterfaceOrientations_iPad = "UIInterfaceOrientationPortrait UIInterfaceOrientationPortraitUpsideDown UIInterfaceOrientationLandscapeLeft UIInterfaceOrientationLandscapeRight";
				INFOPLIST_KEY_UISupportedInterfaceOrientations_iPhone = "UIInterfaceOrientationPortrait UIInterfaceOrientationLandscapeLeft UIInterfaceOrientationLandscapeRight";
				LD_RUNPATH_SEARCH_PATHS = (
					"$(inherited)",
					"@executable_path/Frameworks",
				);
				MARKETING_VERSION = 1.0;
				PRODUCT_BUNDLE_IDENTIFIER = "com.cleverlearn.-6361619";
				PRODUCT_NAME = "$(TARGET_NAME)";
				SWIFT_EMIT_LOC_STRINGS = YES;
				SWIFT_VERSION = 5.0;
				TARGETED_DEVICE_FAMILY = "1,2";
			};
			name = Release;
		};
/* End XCBuildConfiguration section */

/* Begin XCConfigurationList section */
		9AE72E6E2A29BDB1004DFFEA /* Build configuration list for PBXProject "76361619" */ = {
			isa = XCConfigurationList;
			buildConfigurations = (
				9AE72E7F2A29BDB2004DFFEA /* Debug */,
				9AE72E802A29BDB2004DFFEA /* Release */,
			);
			defaultConfigurationIsVisible = 0;
			defaultConfigurationName = Release;
		};
		9AE72E812A29BDB2004DFFEA /* Build configuration list for PBXNativeTarget "76361619" */ = {
			isa = XCConfigurationList;
			buildConfigurations = (
				9AE72E822A29BDB2004DFFEA /* Debug */,
				9AE72E832A29BDB2004DFFEA /* Release */,
			);
			defaultConfigurationIsVisible = 0;
			defaultConfigurationName = Release;
		};
/* End XCConfigurationList section */
	};
	rootObject = 9AE72E6B2A29BDB1004DFFEA /* Project object */;
}
